{
  "name": "gsol",
  "version": "1.0.0",
  "lockfileVersion": 1,
  "requires": true,
  "dependencies": {
    "@emailjs/browser": {
      "version": "3.5.0",
      "resolved": "https://registry.npmjs.org/@emailjs/browser/-/browser-3.5.0.tgz",
      "integrity": "sha512-VDpyaF2Xkt21/gRaV5TgZ8+CSsMy3+UTJo7K3/NL63gfBQIzrVQiK1U7Jw4PqpFDps9a1Gj7q8gfJ7thxUIRcw=="
    },
    "bootstrap": {
      "version": "5.1.3",
      "resolved": "https://registry.npmjs.org/bootstrap/-/bootstrap-5.1.3.tgz",
      "integrity": "sha512-fcQztozJ8jToQWXxVuEyXWW+dSo8AiXWKwiSSrKWsRB/Qt+Ewwza+JWoLKiTuQLaEPhdNAJ7+Dosc9DOIqNy7Q=="
    },
    "bootstrap-icons": {
      "version": "1.8.1",
      "resolved": "https://registry.npmjs.org/bootstrap-icons/-/bootstrap-icons-1.8.1.tgz",
      "integrity": "sha512-IXUqislddPJfwq6H+2nTkHyr9epO9h6u1AG0OZCx616w+TgzeoCjfmI3qJMQqt1J586gN2IxzB4M99Ip4sTZ1w=="
    }
  }
}
